
Microsoft Visual Studio Solution File, Format Version 12.00
# Visual Studio 2012
Project("{8BC9CEB8-8B4A-11D0-8D11-00A0C91BC942}") = "RWM Project 2", "RWM Project 2\RWM Project 2.vcxproj", "{4491C747-EDD0-4BAC-96EA-107D10AEEE00}"
EndProject
Global
	GlobalSection(SolutionConfigurationPlatforms) = preSolution
		Debug|Win32 = Debug|Win32
		Release|Win32 = Release|Win32
	EndGlobalSection
	GlobalSection(ProjectConfigurationPlatforms) = postSolution
		{4491C747-EDD0-4BAC-96EA-107D10AEEE00}.Debug|Win32.ActiveCfg = Debug|Win32
		{4491C747-EDD0-4BAC-96EA-107D10AEEE00}.Debug|Win32.Build.0 = Debug|Win32
		{4491C747-EDD0-4BAC-96EA-107D10AEEE00}.Release|Win32.ActiveCfg = Release|Win32
		{4491C747-EDD0-4BAC-96EA-107D10AEEE00}.Release|Win32.Build.0 = Release|Win32
	EndGlobalSection
	GlobalSection(SolutionProperties) = preSolution
		HideSolutionNode = FALSE
	EndGlobalSection
EndGlobal
