
Microsoft Visual Studio Solution File, Format Version 12.00
# Visual Studio 2012
Project("{8BC9CEB8-8B4A-11D0-8D11-00A0C91BC942}") = "lab1", "lab1.vcxproj", "{148ACFF9-A57D-4564-84A0-5B6264FC2304}"
EndProject
Global
	GlobalSection(SolutionConfigurationPlatforms) = preSolution
		Debug|Win32 = Debug|Win32
		Release|Win32 = Release|Win32
	EndGlobalSection
	GlobalSection(ProjectConfigurationPlatforms) = postSolution
		{148ACFF9-A57D-4564-84A0-5B6264FC2304}.Debug|Win32.ActiveCfg = Debug|Win32
		{148ACFF9-A57D-4564-84A0-5B6264FC2304}.Debug|Win32.Build.0 = Debug|Win32
		{148ACFF9-A57D-4564-84A0-5B6264FC2304}.Release|Win32.ActiveCfg = Release|Win32
		{148ACFF9-A57D-4564-84A0-5B6264FC2304}.Release|Win32.Build.0 = Release|Win32
	EndGlobalSection
	GlobalSection(SolutionProperties) = preSolution
		HideSolutionNode = FALSE
	EndGlobalSection
EndGlobal
